
Microsoft Visual Studio Solution File, Format Version 12.00
# Visual Studio 15
VisualStudioVersion = 15.0.28307.1000
MinimumVisualStudioVersion = 10.0.40219.1
Project("{FAE04EC0-301F-11D3-BF4B-00C04F79EFBC}") = "NasaAPIProject", "NasaAPIProject\NasaAPIProject.csproj", "{BC4C67FB-6568-47EF-96D2-E299D627057C}"
EndProject
Global
	GlobalSection(SolutionConfigurationPlatforms) = preSolution
		Debug|Any CPU = Debug|Any CPU
		Release|Any CPU = Release|Any CPU
	EndGlobalSection
	GlobalSection(ProjectConfigurationPlatforms) = postSolution
		{BC4C67FB-6568-47EF-96D2-E299D627057C}.Debug|Any CPU.ActiveCfg = Debug|Any CPU
		{BC4C67FB-6568-47EF-96D2-E299D627057C}.Debug|Any CPU.Build.0 = Debug|Any CPU
		{BC4C67FB-6568-47EF-96D2-E299D627057C}.Release|Any CPU.ActiveCfg = Release|Any CPU
		{BC4C67FB-6568-47EF-96D2-E299D627057C}.Release|Any CPU.Build.0 = Release|Any CPU
	EndGlobalSection
	GlobalSection(SolutionProperties) = preSolution
		HideSolutionNode = FALSE
	EndGlobalSection
	GlobalSection(ExtensibilityGlobals) = postSolution
		SolutionGuid = {CF48B22D-A7FB-4D94-8BBD-EB3C0EA6664B}
	EndGlobalSection
EndGlobal
