
Microsoft Visual Studio Solution File, Format Version 12.00
# Visual Studio 15
VisualStudioVersion = 15.0.28307.1000
MinimumVisualStudioVersion = 10.0.40219.1
Project("{FAE04EC0-301F-11D3-BF4B-00C04F79EFBC}") = "NasaAPIProject", "NasaAPIProject\NasaAPIProject.csproj", "{BC4C67FB-6568-47EF-96D2-E299D627057C}"
EndProject
Project("{FAE04EC0-301F-11D3-BF4B-00C04F79EFBC}") = "NasaAPIProjectUnitTest", "NasaAPIProjectUnitTest\NasaAPIProjectUnitTest.csproj", "{0FD3C474-E90A-4293-B8C8-B0757CCFEFD0}"
EndProject
Project("{E53339B2-1760-4266-BCC7-CA923CBCF16C}") = "docker-compose", "docker-compose.dcproj", "{61DF6157-0ADB-4747-9CB8-2CED65AFBC03}"
EndProject
Global
	GlobalSection(SolutionConfigurationPlatforms) = preSolution
		Debug|Any CPU = Debug|Any CPU
		Release|Any CPU = Release|Any CPU
	EndGlobalSection
	GlobalSection(ProjectConfigurationPlatforms) = postSolution
		{BC4C67FB-6568-47EF-96D2-E299D627057C}.Debug|Any CPU.ActiveCfg = Debug|Any CPU
		{BC4C67FB-6568-47EF-96D2-E299D627057C}.Debug|Any CPU.Build.0 = Debug|Any CPU
		{BC4C67FB-6568-47EF-96D2-E299D627057C}.Release|Any CPU.ActiveCfg = Release|Any CPU
		{BC4C67FB-6568-47EF-96D2-E299D627057C}.Release|Any CPU.Build.0 = Release|Any CPU
		{0FD3C474-E90A-4293-B8C8-B0757CCFEFD0}.Debug|Any CPU.ActiveCfg = Debug|Any CPU
		{0FD3C474-E90A-4293-B8C8-B0757CCFEFD0}.Debug|Any CPU.Build.0 = Debug|Any CPU
		{0FD3C474-E90A-4293-B8C8-B0757CCFEFD0}.Release|Any CPU.ActiveCfg = Release|Any CPU
		{0FD3C474-E90A-4293-B8C8-B0757CCFEFD0}.Release|Any CPU.Build.0 = Release|Any CPU
		{61DF6157-0ADB-4747-9CB8-2CED65AFBC03}.Debug|Any CPU.ActiveCfg = Debug|Any CPU
		{61DF6157-0ADB-4747-9CB8-2CED65AFBC03}.Debug|Any CPU.Build.0 = Debug|Any CPU
		{61DF6157-0ADB-4747-9CB8-2CED65AFBC03}.Release|Any CPU.ActiveCfg = Release|Any CPU
		{61DF6157-0ADB-4747-9CB8-2CED65AFBC03}.Release|Any CPU.Build.0 = Release|Any CPU
	EndGlobalSection
	GlobalSection(SolutionProperties) = preSolution
		HideSolutionNode = FALSE
	EndGlobalSection
	GlobalSection(ExtensibilityGlobals) = postSolution
		SolutionGuid = {CF48B22D-A7FB-4D94-8BBD-EB3C0EA6664B}
	EndGlobalSection
EndGlobal
